
Microsoft Visual Studio Solution File, Format Version 12.00
# Visual Studio Version 17
VisualStudioVersion = 17.5.33502.453
MinimumVisualStudioVersion = 10.0.40219.1
Project("{FAE04EC0-301F-11D3-BF4B-00C04F79EFBC}") = "Barcode Editor App", "Barcode Editor App\Barcode Editor App.csproj", "{66473CC5-5EFB-46C7-BC4C-DB6E47F0314C}"
EndProject
Global
	GlobalSection(SolutionConfigurationPlatforms) = preSolution
		Debug|Any CPU = Debug|Any CPU
		Release|Any CPU = Release|Any CPU
	EndGlobalSection
	GlobalSection(ProjectConfigurationPlatforms) = postSolution
		{66473CC5-5EFB-46C7-BC4C-DB6E47F0314C}.Debug|Any CPU.ActiveCfg = Debug|Any CPU
		{66473CC5-5EFB-46C7-BC4C-DB6E47F0314C}.Debug|Any CPU.Build.0 = Debug|Any CPU
		{66473CC5-5EFB-46C7-BC4C-DB6E47F0314C}.Release|Any CPU.ActiveCfg = Release|Any CPU
		{66473CC5-5EFB-46C7-BC4C-DB6E47F0314C}.Release|Any CPU.Build.0 = Release|Any CPU
	EndGlobalSection
	GlobalSection(SolutionProperties) = preSolution
		HideSolutionNode = FALSE
	EndGlobalSection
	GlobalSection(ExtensibilityGlobals) = postSolution
		SolutionGuid = {A3516DD1-967D-4BA8-A75C-427CC9F17A19}
	EndGlobalSection
EndGlobal
